{
    "_readme": [
        "This file locks the dependencies of your project to a known state",
        "Read more about it at http://getcomposer.org/doc/01-basic-usage.md#composer-lock-the-lock-file"
    ],
    "hash": "6cb0350713e8fcd744077dfd090b27ad",
    "packages": [
        {
            "name": "ajshort/silverstripe-gridfieldextensions",
            "version": "dev-master",
            "source": {
                "type": "git",
                "url": "https://github.com/ajshort/silverstripe-gridfieldextensions.git",
                "reference": "5eec0f70b456d797a5e46b19b3c3aac597cb3259"
            },
            "dist": {
                "type": "zip",
                "url": "https://api.github.com/repos/ajshort/silverstripe-gridfieldextensions/zipball/5eec0f70b456d797a5e46b19b3c3aac597cb3259",
                "reference": "5eec0f70b456d797a5e46b19b3c3aac597cb3259",
                "shasum": ""
            },
            "require": {
                "silverstripe/framework": "~3.1"
            },
            "type": "silverstripe-module",
            "extra": {
                "installer-name": "gridfieldextensions",
                "screenshots": [
                    "docs/en/_images/editable-rows.png",
                    "docs/en/_images/add-existing-search.png"
                ]
            },
            "notification-url": "https://packagist.org/downloads/",
            "license": [
                "BSD-3-Clause"
            ],
            "authors": [
                {
                    "name": "Andrew Short",
                    "email": "andrewjshort@gmail.com"
                }
            ],
            "description": "A collection of useful grid field components",
            "homepage": "http://github.com/ajshort/silverstripe-gridfieldextensions",
            "keywords": [
                "gridfield",
                "silverstripe"
            ],
            "time": "2013-11-22 04:19:50"
        },
        {
            "name": "bummzack/sortablefile",
            "version": "dev-master",
            "source": {
                "type": "git",
                "url": "https://github.com/bummzack/sortablefile.git",
                "reference": "4b5e8e1fbc899ebf9a7e06bd7a0988a4b6ae8fd3"
            },
            "dist": {
                "type": "zip",
                "url": "https://api.github.com/repos/bummzack/sortablefile/zipball/4b5e8e1fbc899ebf9a7e06bd7a0988a4b6ae8fd3",
                "reference": "4b5e8e1fbc899ebf9a7e06bd7a0988a4b6ae8fd3",
                "shasum": ""
            },
            "require": {
                "silverstripe/cms": "~3.1",
                "silverstripe/framework": "~3.1"
            },
            "type": "silverstripe-module",
            "notification-url": "https://packagist.org/downloads/",
            "license": [
                "BSD-3-Clause"
            ],
            "authors": [
                {
                    "name": "bummzack"
                }
            ],
            "description": "An extension for SilverStripe 3.1 that allows sorting of multiple attached images (extends UploadField).",
            "keywords": [
                "cms",
                "silverstripe",
                "sortable"
            ],
            "time": "2013-11-08 07:05:04"
        },
        {
            "name": "composer/installers",
            "version": "dev-master",
            "source": {
                "type": "git",
                "url": "https://github.com/composer/installers.git",
                "reference": "d792632d27e1980d921cbbba12eab7b888338d4c"
            },
            "dist": {
                "type": "zip",
                "url": "https://api.github.com/repos/composer/installers/zipball/d792632d27e1980d921cbbba12eab7b888338d4c",
                "reference": "d792632d27e1980d921cbbba12eab7b888338d4c",
                "shasum": ""
            },
            "replace": {
                "shama/baton": "*"
            },
            "require-dev": {
                "composer/composer": "1.0.*@dev",
                "phpunit/phpunit": "3.7.*"
            },
            "type": "composer-installer",
            "extra": {
                "class": "Composer\\Installers\\Installer",
                "branch-alias": {
                    "dev-master": "1.0-dev"
                }
            },
            "autoload": {
                "psr-0": {
                    "Composer\\Installers\\": "src/"
                }
            },
            "notification-url": "https://packagist.org/downloads/",
            "license": [
                "MIT"
            ],
            "authors": [
                {
                    "name": "Kyle Robinson Young",
                    "email": "kyle@dontkry.com",
                    "homepage": "http://dontkry.com",
                    "role": "Developer"
                }
            ],
            "description": "A multi-framework Composer library installer",
            "homepage": "http://composer.github.com/installers/",
            "keywords": [
                "TYPO3 CMS",
                "TYPO3 Flow",
                "TYPO3 Neos",
                "agl",
                "cakephp",
                "codeigniter",
                "concrete5",
                "drupal",
                "fuelphp",
                "installer",
                "joomla",
                "kohana",
                "laravel",
                "li3",
                "lithium",
                "mako",
                "modulework",
                "phpbb",
                "ppi",
                "silverstripe",
                "symfony",
                "wordpress",
                "zend"
            ],
            "time": "2013-10-24 16:13:49"
        },
        {
            "name": "silverstripe/accessibility",
            "version": "dev-master",
            "source": {
                "type": "git",
                "url": "https://github.com/silverstripe-labs/silverstripe-accessibility.git",
                "reference": "719cb1b445334a9fd82b3a750654537f2b34e750"
            },
            "dist": {
                "type": "zip",
                "url": "https://api.github.com/repos/silverstripe-labs/silverstripe-accessibility/zipball/719cb1b445334a9fd82b3a750654537f2b34e750",
                "reference": "719cb1b445334a9fd82b3a750654537f2b34e750",
                "shasum": ""
            },
            "require": {
                "silverstripe/cms": "~3.1",
                "silverstripe/framework": "~3.1"
            },
            "type": "silverstripe-module",
            "notification-url": "https://packagist.org/downloads/",
            "license": [
                "BSD-3-Clause"
            ],
            "authors": [
                {
                    "name": "Robert Curry",
                    "email": "robert@silverstripe.com"
                }
            ],
            "description": "Adds access key support to SilverStripe",
            "keywords": [
                "access key",
                "accessibility",
                "silverstripe"
            ],
            "time": "2013-09-06 08:29:23"
        },
        {
            "name": "silverstripe/cms",
            "version": "3.1.x-dev",
            "source": {
                "type": "git",
                "url": "https://github.com/silverstripe/silverstripe-cms.git",
                "reference": "68044615390c92f4fd1c18482d6f501fb3b65097"
            },
            "dist": {
                "type": "zip",
                "url": "https://api.github.com/repos/silverstripe/silverstripe-cms/zipball/68044615390c92f4fd1c18482d6f501fb3b65097",
                "reference": "68044615390c92f4fd1c18482d6f501fb3b65097",
                "shasum": ""
            },
            "require": {
                "composer/installers": "*",
                "php": ">=5.3.2",
                "silverstripe/framework": "3.1.*"
            },
            "type": "silverstripe-module",
            "autoload": {
                "classmap": [
                    "tests/behat/"
                ]
            },
            "notification-url": "https://packagist.org/downloads/",
            "license": [
                "BSD-3-Clause"
            ],
            "authors": [
                {
                    "name": "SilverStripe",
                    "homepage": "http://silverstripe.com"
                },
                {
                    "name": "The SilverStripe Community",
                    "homepage": "http://silverstripe.org"
                }
            ],
            "description": "The SilverStripe Content Management System",
            "homepage": "http://silverstripe.org",
            "keywords": [
                "cms",
                "silverstripe"
            ],
            "time": "2013-11-22 19:49:37"
        },
        {
            "name": "silverstripe/framework",
            "version": "3.1.x-dev",
            "source": {
                "type": "git",
                "url": "https://github.com/silverstripe/silverstripe-framework.git",
                "reference": "305fea816323362658ba5092177e7737392724dc"
            },
            "dist": {
                "type": "zip",
                "url": "https://api.github.com/repos/silverstripe/silverstripe-framework/zipball/305fea816323362658ba5092177e7737392724dc",
                "reference": "305fea816323362658ba5092177e7737392724dc",
                "shasum": ""
            },
            "require": {
                "composer/installers": "*",
                "php": ">=5.3.2"
            },
            "type": "silverstripe-module",
            "autoload": {
                "classmap": [
                    "tests/behat/features/bootstrap"
                ]
            },
            "notification-url": "https://packagist.org/downloads/",
            "license": [
                "BSD-3-Clause"
            ],
            "authors": [
                {
                    "name": "SilverStripe",
                    "homepage": "http://silverstripe.com"
                },
                {
                    "name": "The SilverStripe Community",
                    "homepage": "http://silverstripe.org"
                }
            ],
            "description": "The SilverStripe framework",
            "homepage": "http://silverstripe.org",
            "keywords": [
                "framework",
                "silverstripe"
            ],
            "time": "2013-11-22 19:55:56"
        },
        {
            "name": "silverstripe/iframe",
            "version": "dev-master",
            "source": {
                "type": "git",
                "url": "https://github.com/silverstripe-labs/silverstripe-iframe.git",
                "reference": "d85237b5af5740a6b0fdc50fffcdcbac9e21f492"
            },
            "dist": {
                "type": "zip",
                "url": "https://api.github.com/repos/silverstripe-labs/silverstripe-iframe/zipball/d85237b5af5740a6b0fdc50fffcdcbac9e21f492",
                "reference": "d85237b5af5740a6b0fdc50fffcdcbac9e21f492",
                "shasum": ""
            },
            "require": {
                "silverstripe/cms": "3.*",
                "silverstripe/framework": "3.*"
            },
            "type": "silverstripe-module",
            "notification-url": "https://packagist.org/downloads/",
            "license": [
                "BSD-3-Clause"
            ],
            "authors": [
                {
                    "name": "Mateusz Uzdowski",
                    "email": "mateusz@silverstripe.com"
                }
            ],
            "description": "Add an iFrame pagetype to SilverStripe, to show content from another website",
            "keywords": [
                "silverstripe"
            ],
            "time": "2013-10-29 23:00:12"
        },
        {
            "name": "silverstripe/userforms",
            "version": "dev-master",
            "source": {
                "type": "git",
                "url": "https://github.com/silverstripe/silverstripe-userforms.git",
                "reference": "d3c558f579e04b925529157ffaee19cc587c88e2"
            },
            "dist": {
                "type": "zip",
                "url": "https://api.github.com/repos/silverstripe/silverstripe-userforms/zipball/d3c558f579e04b925529157ffaee19cc587c88e2",
                "reference": "d3c558f579e04b925529157ffaee19cc587c88e2",
                "shasum": ""
            },
            "require": {
                "silverstripe/cms": ">=3.1.0",
                "silverstripe/framework": ">=3.1.0"
            },
            "type": "silverstripe-module",
            "notification-url": "https://packagist.org/downloads/",
            "license": [
                "BSD-3-Clause"
            ],
            "authors": [
                {
                    "name": "Will Rossiter",
                    "email": "will@fullscreen.io",
                    "homepage": "http://wilr.github.com"
                }
            ],
            "description": "UserForms enables CMS users to create dynamic forms via a drag and drop interface and without getting involved in any PHP code",
            "keywords": [
                "silverstripe",
                "userforms"
            ],
            "time": "2013-11-26 05:21:27"
        },
        {
            "name": "silverstripe/versionedfiles",
            "version": "dev-master",
            "source": {
                "type": "git",
                "url": "https://github.com/ajshort/silverstripe-versionedfiles.git",
                "reference": "43a3fac80d0688693a965cb47aa29719123be154"
            },
            "dist": {
                "type": "zip",
                "url": "https://api.github.com/repos/ajshort/silverstripe-versionedfiles/zipball/43a3fac80d0688693a965cb47aa29719123be154",
                "reference": "43a3fac80d0688693a965cb47aa29719123be154",
                "shasum": ""
            },
            "require": {
                "silverstripe/cms": "~3.1",
                "silverstripe/framework": "~3.1"
            },
            "type": "silverstripe-module",
            "notification-url": "https://packagist.org/downloads/",
            "license": [
                "BSD-3-Clause"
            ],
            "authors": [
                {
                    "name": "Andrew Short",
                    "email": "andrewjshort@gmail.com"
                }
            ],
            "description": "Add versioning to files",
            "keywords": [
                "silverstripe"
            ],
            "time": "2013-10-31 04:18:45"
        },
        {
            "name": "silverstripe/versionfeed",
            "version": "dev-master",
            "source": {
                "type": "git",
                "url": "https://github.com/silverstripe-labs/silverstripe-versionfeed.git",
                "reference": "27bd51393826b5faa9c331f104df9d2f4ef65140"
            },
            "dist": {
                "type": "zip",
                "url": "https://api.github.com/repos/silverstripe-labs/silverstripe-versionfeed/zipball/27bd51393826b5faa9c331f104df9d2f4ef65140",
                "reference": "27bd51393826b5faa9c331f104df9d2f4ef65140",
                "shasum": ""
            },
            "require": {
                "silverstripe/cms": "3.*",
                "silverstripe/framework": "3.*"
            },
            "type": "silverstripe-module",
            "notification-url": "https://packagist.org/downloads/",
            "license": [
                "BSD-3-Clause"
            ],
            "authors": [
                {
                    "name": "Robert Curry",
                    "email": "robert@silverstripe.com"
                }
            ],
            "description": "Adds RSS feeds of content changes to SilverStripe",
            "keywords": [
                "feed",
                "rss",
                "silverstripe"
            ],
            "time": "2013-10-31 09:38:49"
        }
    ],
    "packages-dev": [

    ],
    "aliases": [

    ],
    "minimum-stability": "dev",
    "stability-flags": [

    ],
    "platform": {
        "php": ">=5.3.2"
    },
    "platform-dev": [

    ]
}
